repository=MColbrook/Pompeiu_Schiffer
commit=36778d647a47bf0ac7f769084b115b7055ecc51c
archive_doi=10.5281/zenodo.21765287
zenodo_record=21765287
zenodo_zip_md5=238b0ed99c0fe681ce72bd8580d329e0
center_path=pompeiu_validation_certificate/data/center_L60_S40_R30.hex
center_sha256=a30353f226a96c88a3d7e8b54b9d29d000c884fadb6cc52b47f176a874d73d29
inverse_path=pompeiu_validation_certificate/data/approx_inverse.bin
inverse_sha256=aa2de444bcae9e0c9bdf8afc8f5290ef5c363d84caf1c1de2df31fe569f9ea1c
certificate_path=pompeiu_validation_certificate/certificate.json
certificate_sha256=8aae465d483c4f60a92818616dc224f7aa69aa3adfc65dbc03ba944d6ccc2315
source_manifest_path=pompeiu_validation_certificate/source_manifest.txt
source_manifest_sha256=2057deab6a10db09c8df250205f6a52807b5cde5ffba899a9bdbac7be3749ed5
